
Microsoft Visual Studio Solution File, Format Version 12.00
# Visual Studio Version 17
VisualStudioVersion = 17.14.36623.8 d17.14
MinimumVisualStudioVersion = 10.0.40219.1
Project("{FAE04EC0-301F-11D3-BF4B-00C04F79EFBC}") = "MethodsProject", "MethodsProject\MethodsProject.csproj", "{0BEE0DF4-EE86-4946-8303-0AADE774B3B4}"
EndProject
Project("{FAE04EC0-301F-11D3-BF4B-00C04F79EFBC}") = "NameGreeterDesktopApp", "NameGreeterDesktopApp\NameGreeterDesktopApp.csproj", "{FA72FBBC-3DED-402E-ABE5-E5C6A8E26DB9}"
EndProject
Global
	GlobalSection(SolutionConfigurationPlatforms) = preSolution
		Debug|Any CPU = Debug|Any CPU
		Release|Any CPU = Release|Any CPU
	EndGlobalSection
	GlobalSection(ProjectConfigurationPlatforms) = postSolution
		{0BEE0DF4-EE86-4946-8303-0AADE774B3B4}.Debug|Any CPU.ActiveCfg = Debug|Any CPU
		{0BEE0DF4-EE86-4946-8303-0AADE774B3B4}.Debug|Any CPU.Build.0 = Debug|Any CPU
		{0BEE0DF4-EE86-4946-8303-0AADE774B3B4}.Release|Any CPU.ActiveCfg = Release|Any CPU
		{0BEE0DF4-EE86-4946-8303-0AADE774B3B4}.Release|Any CPU.Build.0 = Release|Any CPU
		{FA72FBBC-3DED-402E-ABE5-E5C6A8E26DB9}.Debug|Any CPU.ActiveCfg = Debug|Any CPU
		{FA72FBBC-3DED-402E-ABE5-E5C6A8E26DB9}.Debug|Any CPU.Build.0 = Debug|Any CPU
		{FA72FBBC-3DED-402E-ABE5-E5C6A8E26DB9}.Release|Any CPU.ActiveCfg = Release|Any CPU
		{FA72FBBC-3DED-402E-ABE5-E5C6A8E26DB9}.Release|Any CPU.Build.0 = Release|Any CPU
	EndGlobalSection
	GlobalSection(SolutionProperties) = preSolution
		HideSolutionNode = FALSE
	EndGlobalSection
	GlobalSection(ExtensibilityGlobals) = postSolution
		SolutionGuid = {AE39B38E-2533-493A-AA60-353FF293384A}
	EndGlobalSection
EndGlobal
